<?xml version="1.0" encoding="utf-8"?>
<Project ToolsVersion="4.0" xmlns="http://schemas.microsoft.com/developer/msbuild/2003">
  <ItemGroup>
    <Filter Include="Quelldateien">
      <UniqueIdentifier>{4FC737F1-C7A5-4376-A066-2A32D752A2FF}</UniqueIdentifier>
      <Extensions>cpp;c;cc;cxx;c++;cppm;ixx;def;odl;idl;hpj;bat;asm;asmx</Extensions>
    </Filter>
    <Filter Include="Headerdateien">
      <UniqueIdentifier>{93995380-89BD-4b04-88EB-625FBE52EBFB}</UniqueIdentifier>
      <Extensions>h;hh;hpp;hxx;h++;hm;inl;inc;ipp;xsd</Extensions>
    </Filter>
    <Filter Include="Ressourcendateien">
      <UniqueIdentifier>{67DA6AB6-F800-4c08-8B7A-83BB121AAD01}</UniqueIdentifier>
      <Extensions>rc;ico;cur;bmp;dlg;rc2;rct;bin;rgs;gif;jpg;jpeg;jpe;resx;tiff;tif;png;wav;mfcribbon-ms</Extensions>
    </Filter>
    <Filter Include="Headerdateien\detectors">
      <UniqueIdentifier>{096e0476-23d6-4ab3-be58-903976528d01}</UniqueIdentifier>
    </Filter>
    <Filter Include="Headerdateien\events">
      <UniqueIdentifier>{0f0247ae-ae48-4eae-8400-24504676bc81}</UniqueIdentifier>
    </Filter>
    <Filter Include="Quelldateien\events">
      <UniqueIdentifier>{cfd3246c-c07d-4916-aa4a-0d1b017cd625}</UniqueIdentifier>
    </Filter>
    <Filter Include="Binaries">
      <UniqueIdentifier>{bbd4b7b0-46fd-4877-a9cc-44fc46877872}</UniqueIdentifier>
    </Filter>
    <Filter Include="Headerdateien\models">
      <UniqueIdentifier>{3a7569b8-01cb-4edc-8f40-f6e531ac26b3}</UniqueIdentifier>
    </Filter>
    <Filter Include="Quelldateien\detectors">
      <UniqueIdentifier>{49bd5375-9f07-4d30-a84e-e6bb1880dcec}</UniqueIdentifier>
    </Filter>
    <Filter Include="Headerdateien\helpers">
      <UniqueIdentifier>{7e94e7ae-1927-41a5-8c21-af74afe4ab00}</UniqueIdentifier>
    </Filter>
    <Filter Include="Quelldateien\helpers">
      <UniqueIdentifier>{ed1d55ea-20f7-42e0-a836-80d04f1a552b}</UniqueIdentifier>
    </Filter>
    <Filter Include="Headerdateien\services">
      <UniqueIdentifier>{e8ecbf9b-9ee3-4aed-82f8-1bab3e5302d1}</UniqueIdentifier>
    </Filter>
    <Filter Include="Quelldateien\services">
      <UniqueIdentifier>{3129c841-6ae9-4674-8ce8-e79ed2cadd8e}</UniqueIdentifier>
    </Filter>
    <Filter Include="Quelldateien\detectors\statistical">
      <UniqueIdentifier>{d4f555c2-135b-4df4-989e-5a1931505037}</UniqueIdentifier>
    </Filter>
    <Filter Include="Headerdateien\detectors\statistical">
      <UniqueIdentifier>{e4964330-9878-44af-826c-7c506236ba67}</UniqueIdentifier>
    </Filter>
    <Filter Include="Quelldateien\detectors\geometric">
      <UniqueIdentifier>{b684c0f5-7f12-4dc8-ad57-a1ad36489ab8}</UniqueIdentifier>
    </Filter>
    <Filter Include="Headerdateien\detectors\geometric">
      <UniqueIdentifier>{bf2563db-9df3-4901-9f31-d18c4e5dc2a9}</UniqueIdentifier>
    </Filter>
    <Filter Include="Quelldateien\detectors\texture">
      <UniqueIdentifier>{622fccdb-27cc-4df2-9000-b8ff3e2a108a}</UniqueIdentifier>
    </Filter>
    <Filter Include="Headerdateien\detectors\texture">
      <UniqueIdentifier>{22c52341-ac2d-4e41-b1fc-c059fbd58694}</UniqueIdentifier>
    </Filter>
    <Filter Include="Headerdateien\detectors\transformation">
      <UniqueIdentifier>{03620b87-9450-4a06-a595-788ec1b86055}</UniqueIdentifier>
    </Filter>
    <Filter Include="Quelldateien\detectors\transformation">
      <UniqueIdentifier>{d3f7be84-c7a3-4a1a-989e-d114f1410973}</UniqueIdentifier>
    </Filter>
    <Filter Include="Headerdateien\classifications">
      <UniqueIdentifier>{2fda4f68-8304-4afc-bdb8-f8f565457c4e}</UniqueIdentifier>
    </Filter>
    <Filter Include="Quelldateien\classifications">
      <UniqueIdentifier>{01f4aacc-347b-4d51-a06e-2464888cb495}</UniqueIdentifier>
    </Filter>
    <Filter Include="Quelldateien\models">
      <UniqueIdentifier>{f4675a41-ec4a-465d-a7b4-004921ea6aa4}</UniqueIdentifier>
    </Filter>
  </ItemGroup>
  <ItemGroup>
    <ClCompile Include="main.cpp">
      <Filter>Quelldateien</Filter>
    </ClCompile>
    <ClCompile Include="MyEventReceiver.cpp">
      <Filter>Quelldateien\events</Filter>
    </ClCompile>
    <ClCompile Include="ColorLib.h">
      <Filter>Headerdateien\models</Filter>
    </ClCompile>
    <ClCompile Include="ColorRGB.h">
      <Filter>Headerdateien\models</Filter>
    </ClCompile>
    <ClCompile Include="SuperPixelService.cpp">
      <Filter>Quelldateien\detectors\statistical</Filter>
    </ClCompile>
    <ClCompile Include="ColorService.cpp">
      <Filter>Quelldateien\helpers</Filter>
    </ClCompile>
    <ClCompile Include="SubregionResult.h">
      <Filter>Headerdateien\models</Filter>
    </ClCompile>
    <ClCompile Include="MathSerivce.cpp">
      <Filter>Quelldateien\helpers</Filter>
    </ClCompile>
    <ClCompile Include="StringService.cpp">
      <Filter>Quelldateien\helpers</Filter>
    </ClCompile>
    <ClCompile Include="GraphicEngineExtended.cpp">
      <Filter>Quelldateien\services</Filter>
    </ClCompile>
    <ClCompile Include="ClassicSobelOperatorService.cpp">
      <Filter>Quelldateien\detectors\statistical</Filter>
    </ClCompile>
    <ClCompile Include="ImprovedSobelOperatorService.cpp">
      <Filter>Quelldateien\detectors\statistical</Filter>
    </ClCompile>
    <ClCompile Include="GeometricService.cpp">
      <Filter>Quelldateien\detectors\geometric</Filter>
    </ClCompile>
    <ClCompile Include="HistogramValueService.cpp">
      <Filter>Quelldateien\detectors\geometric</Filter>
    </ClCompile>
    <ClCompile Include="DiscreteFourierTransformationSerivce.cpp">
      <Filter>Quelldateien\detectors\geometric</Filter>
    </ClCompile>
    <ClCompile Include="DirectoryService.cpp">
      <Filter>Quelldateien\helpers</Filter>
    </ClCompile>
    <ClCompile Include="HuMomentsService.cpp">
      <Filter>Quelldateien\detectors\geometric</Filter>
    </ClCompile>
    <ClCompile Include="SdSfService.cpp">
      <Filter>Quelldateien\detectors\geometric</Filter>
    </ClCompile>
    <ClCompile Include="LbpService.cpp">
      <Filter>Quelldateien\detectors\texture</Filter>
    </ClCompile>
    <ClCompile Include="CompletedLbpService.cpp">
      <Filter>Quelldateien\detectors\texture</Filter>
    </ClCompile>
    <ClCompile Include="GLCMService.cpp">
      <Filter>Quelldateien\detectors\texture</Filter>
    </ClCompile>
    <ClCompile Include="CImgService.cpp">
      <Filter>Quelldateien\helpers</Filter>
    </ClCompile>
    <ClCompile Include="HOGServiceCV.cpp">
      <Filter>Quelldateien\detectors\texture</Filter>
    </ClCompile>
    <ClCompile Include="HOGService.cpp">
      <Filter>Quelldateien\detectors\texture</Filter>
    </ClCompile>
    <ClCompile Include="GaborServiceCV.cpp">
      <Filter>Quelldateien\detectors\transformation</Filter>
    </ClCompile>
    <ClCompile Include="WaveletTransformCV.cpp">
      <Filter>Quelldateien\detectors\transformation</Filter>
    </ClCompile>
    <ClCompile Include="DependencyInjectionService.cpp">
      <Filter>Quelldateien\helpers</Filter>
    </ClCompile>
    <ClCompile Include="DiscreteFourierTransformationSerivceCV.cpp">
      <Filter>Quelldateien\detectors\geometric</Filter>
    </ClCompile>
    <ClCompile Include="DiscreteFourierDescriptorService.cpp">
      <Filter>Quelldateien\detectors\geometric</Filter>
    </ClCompile>
    <ClCompile Include="DaubechiesFourWaveletService.cpp">
      <Filter>Quelldateien\detectors\transformation</Filter>
    </ClCompile>
    <ClCompile Include="MorletWaveletService.cpp">
      <Filter>Quelldateien\detectors\transformation</Filter>
    </ClCompile>
    <ClCompile Include="TimeFrequenceResult.h">
      <Filter>Headerdateien\models</Filter>
    </ClCompile>
    <ClCompile Include="MorletWaveletServiceFFT.cpp">
      <Filter>Quelldateien\detectors\transformation</Filter>
    </ClCompile>
    <ClCompile Include="HaarWavletService.cpp">
      <Filter>Quelldateien\detectors\transformation</Filter>
    </ClCompile>
    <ClCompile Include="DaubechiesSecondWaveletService.cpp">
      <Filter>Quelldateien\detectors\transformation</Filter>
    </ClCompile>
    <ClCompile Include="BiorWavletService.cpp">
      <Filter>Quelldateien\detectors\transformation</Filter>
    </ClCompile>
    <ClCompile Include="KNearestNeighborsService.cpp">
      <Filter>Quelldateien\classifications</Filter>
    </ClCompile>
    <ClCompile Include="DataPointSav.cpp">
      <Filter>Quelldateien\models</Filter>
    </ClCompile>
    <ClCompile Include="FileService.cpp">
      <Filter>Quelldateien\helpers</Filter>
    </ClCompile>
  </ItemGroup>
  <ItemGroup>
    <ClInclude Include="MyEventReceiver.h">
      <Filter>Headerdateien\events</Filter>
    </ClInclude>
    <ClInclude Include="SuperPixelService.h">
      <Filter>Headerdateien\detectors\statistical</Filter>
    </ClInclude>
    <ClInclude Include="ColorService.h">
      <Filter>Headerdateien\helpers</Filter>
    </ClInclude>
    <ClInclude Include="SuperPixelEntry.h">
      <Filter>Headerdateien\models</Filter>
    </ClInclude>
    <ClInclude Include="SuperPixelResult.h">
      <Filter>Headerdateien\models</Filter>
    </ClInclude>
    <ClInclude Include="MathSerivce.h">
      <Filter>Headerdateien\helpers</Filter>
    </ClInclude>
    <ClInclude Include="KeyValuePair.h">
      <Filter>Headerdateien\models</Filter>
    </ClInclude>
    <ClInclude Include="StringSerivce.h">
      <Filter>Headerdateien\helpers</Filter>
    </ClInclude>
    <ClInclude Include="GraphicEngineExtended.h">
      <Filter>Headerdateien\services</Filter>
    </ClInclude>
    <ClInclude Include="ClassicSobelOperatorService.h">
      <Filter>Headerdateien\detectors\statistical</Filter>
    </ClInclude>
    <ClInclude Include="ImprovedSobelOperatorService.h">
      <Filter>Headerdateien\detectors\statistical</Filter>
    </ClInclude>
    <ClInclude Include="GeometricService.h">
      <Filter>Headerdateien\detectors\geometric</Filter>
    </ClInclude>
    <ClInclude Include="HistogramValueService.h">
      <Filter>Headerdateien\detectors\geometric</Filter>
    </ClInclude>
    <ClInclude Include="DiscreteFourierTransformationSerivce.h">
      <Filter>Headerdateien\detectors\geometric</Filter>
    </ClInclude>
    <ClInclude Include="DirectoryService.h">
      <Filter>Headerdateien\helpers</Filter>
    </ClInclude>
    <ClInclude Include="HuMomentsService.h">
      <Filter>Headerdateien\detectors\geometric</Filter>
    </ClInclude>
    <ClInclude Include="SdSfService.h">
      <Filter>Headerdateien\detectors\geometric</Filter>
    </ClInclude>
    <ClInclude Include="LbpService.h">
      <Filter>Headerdateien\detectors\texture</Filter>
    </ClInclude>
    <ClInclude Include="LbpResult.h">
      <Filter>Headerdateien\models</Filter>
    </ClInclude>
    <ClInclude Include="LbpHistogramResult.h">
      <Filter>Headerdateien\models</Filter>
    </ClInclude>
    <ClInclude Include="CompletedLbpService.h">
      <Filter>Headerdateien\detectors\texture</Filter>
    </ClInclude>
    <ClInclude Include="GLCMService.h">
      <Filter>Headerdateien\detectors\texture</Filter>
    </ClInclude>
    <ClInclude Include="CImgService.h">
      <Filter>Headerdateien\helpers</Filter>
    </ClInclude>
    <ClInclude Include="GLCMResult.h">
      <Filter>Headerdateien\models</Filter>
    </ClInclude>
    <ClInclude Include="HOGServiceCV.h">
      <Filter>Headerdateien\detectors\texture</Filter>
    </ClInclude>
    <ClInclude Include="HOGService.h">
      <Filter>Headerdateien\detectors\texture</Filter>
    </ClInclude>
    <ClInclude Include="HogCellResult.h">
      <Filter>Headerdateien\models</Filter>
    </ClInclude>
    <ClInclude Include="GaborServiceCV.h">
      <Filter>Headerdateien\detectors\transformation</Filter>
    </ClInclude>
    <ClInclude Include="WaveletTransformCV.h">
      <Filter>Headerdateien\detectors\transformation</Filter>
    </ClInclude>
    <ClInclude Include="DependencyInjectionService.h">
      <Filter>Headerdateien\helpers</Filter>
    </ClInclude>
    <ClInclude Include="DiscreteFourierTransformationSerivceCV.h">
      <Filter>Headerdateien\detectors\geometric</Filter>
    </ClInclude>
    <ClInclude Include="DFTResult.h">
      <Filter>Headerdateien\models</Filter>
    </ClInclude>
    <ClInclude Include="DiscreteFourierDescriptorService.h">
      <Filter>Headerdateien\detectors\geometric</Filter>
    </ClInclude>
    <ClInclude Include="FDResult.h">
      <Filter>Headerdateien\models</Filter>
    </ClInclude>
    <ClInclude Include="DaubechiesFourWaveletService.h">
      <Filter>Headerdateien\detectors\transformation</Filter>
    </ClInclude>
    <ClInclude Include="MorletWaveletService.h">
      <Filter>Headerdateien\detectors\transformation</Filter>
    </ClInclude>
    <ClInclude Include="WaveletResult.h">
      <Filter>Headerdateien\models</Filter>
    </ClInclude>
    <ClInclude Include="MultiplyResult.h">
      <Filter>Headerdateien\models</Filter>
    </ClInclude>
    <ClInclude Include="MorletWaveletServiceFFT.h">
      <Filter>Headerdateien\detectors\transformation</Filter>
    </ClInclude>
    <ClInclude Include="HaarWavletService.h">
      <Filter>Headerdateien\detectors\transformation</Filter>
    </ClInclude>
    <ClInclude Include="DaubechiesSecondWaveletService.h">
      <Filter>Headerdateien\detectors\transformation</Filter>
    </ClInclude>
    <ClInclude Include="BiorWavletService.h">
      <Filter>Headerdateien\detectors\transformation</Filter>
    </ClInclude>
    <ClInclude Include="KNearestNeighborsService.h">
      <Filter>Headerdateien\classifications</Filter>
    </ClInclude>
    <ClInclude Include="FeatureResult.h">
      <Filter>Headerdateien\models</Filter>
    </ClInclude>
    <ClInclude Include="DataPointSav.h">
      <Filter>Headerdateien\models</Filter>
    </ClInclude>
    <ClInclude Include="FileService.h">
      <Filter>Headerdateien\helpers</Filter>
    </ClInclude>
    <ClInclude Include="DataPoint.h">
      <Filter>Headerdateien\models</Filter>
    </ClInclude>
  </ItemGroup>
  <ItemGroup>
    <CopyFileToFolders Include="..\lib\Irrlicht.dll">
      <Filter>Binaries</Filter>
    </CopyFileToFolders>
    <CopyFileToFolders Include="..\lib\fonthaettenschweiler.bmp">
      <Filter>Ressourcendateien</Filter>
    </CopyFileToFolders>
    <CopyFileToFolders Include="..\lib\chartdir70.dll">
      <Filter>Binaries</Filter>
    </CopyFileToFolders>
    <CopyFileToFolders Include="..\lib\opencv_videoio_ffmpeg4100_64.dll">
      <Filter>Binaries</Filter>
    </CopyFileToFolders>
    <CopyFileToFolders Include="..\lib\opencv_videoio_msmf4100_64d.dll">
      <Filter>Binaries</Filter>
    </CopyFileToFolders>
    <CopyFileToFolders Include="..\lib\opencv_world4100d.dll">
      <Filter>Binaries</Filter>
    </CopyFileToFolders>
    <CopyFileToFolders Include="..\lib\processbar.bmp">
      <Filter>Ressourcendateien</Filter>
    </CopyFileToFolders>
  </ItemGroup>
  <ItemGroup>
    <None Include="packages.config" />
  </ItemGroup>
</Project>